
Microsoft Visual Studio Solution File, Format Version 12.00
# Visual Studio Version 16
VisualStudioVersion = 16.0.31112.23
MinimumVisualStudioVersion = 10.0.40219.1
Project("{9A19103F-16F7-4668-BE54-9A1E7A4F7556}") = "Transacao.API", "Transacoes\Transacao.API.csproj", "{937522CB-9E87-4FDA-A26E-2CE82886D9C1}"
EndProject
Global
	GlobalSection(SolutionConfigurationPlatforms) = preSolution
		Debug|Any CPU = Debug|Any CPU
		Release|Any CPU = Release|Any CPU
	EndGlobalSection
	GlobalSection(ProjectConfigurationPlatforms) = postSolution
		{937522CB-9E87-4FDA-A26E-2CE82886D9C1}.Debug|Any CPU.ActiveCfg = Debug|Any CPU
		{937522CB-9E87-4FDA-A26E-2CE82886D9C1}.Debug|Any CPU.Build.0 = Debug|Any CPU
		{937522CB-9E87-4FDA-A26E-2CE82886D9C1}.Release|Any CPU.ActiveCfg = Release|Any CPU
		{937522CB-9E87-4FDA-A26E-2CE82886D9C1}.Release|Any CPU.Build.0 = Release|Any CPU
	EndGlobalSection
	GlobalSection(SolutionProperties) = preSolution
		HideSolutionNode = FALSE
	EndGlobalSection
	GlobalSection(ExtensibilityGlobals) = postSolution
		SolutionGuid = {27CE70F0-C99F-4BCC-9567-D4E84C1CEA79}
	EndGlobalSection
EndGlobal
